
Microsoft Visual Studio Solution File, Format Version 12.00
# Visual Studio Version 17
VisualStudioVersion = 17.5.33414.496
MinimumVisualStudioVersion = 10.0.40219.1
Project("{FAE04EC0-301F-11D3-BF4B-00C04F79EFBC}") = "HRWebApp", "HRWebApp\HRWebApp.csproj", "{F4EF124F-4934-4007-BB1D-6D75EE12207A}"
EndProject
Global
	GlobalSection(SolutionConfigurationPlatforms) = preSolution
		Debug|Any CPU = Debug|Any CPU
		Release|Any CPU = Release|Any CPU
	EndGlobalSection
	GlobalSection(ProjectConfigurationPlatforms) = postSolution
		{F4EF124F-4934-4007-BB1D-6D75EE12207A}.Debug|Any CPU.ActiveCfg = Debug|Any CPU
		{F4EF124F-4934-4007-BB1D-6D75EE12207A}.Debug|Any CPU.Build.0 = Debug|Any CPU
		{F4EF124F-4934-4007-BB1D-6D75EE12207A}.Release|Any CPU.ActiveCfg = Release|Any CPU
		{F4EF124F-4934-4007-BB1D-6D75EE12207A}.Release|Any CPU.Build.0 = Release|Any CPU
	EndGlobalSection
	GlobalSection(SolutionProperties) = preSolution
		HideSolutionNode = FALSE
	EndGlobalSection
	GlobalSection(ExtensibilityGlobals) = postSolution
		SolutionGuid = {5C9629BA-D459-4A05-AAD8-ED4116AEC31B}
	EndGlobalSection
EndGlobal
